
Microsoft Visual Studio Solution File, Format Version 12.00
# Visual Studio 15
Project("{FAE04EC0-301F-11D3-BF4B-00C04F79EFBC}") = "Interfaces", "Interfaces\Interfaces.csproj", "{595D03E9-72E5-421A-953A-A7AA2468DA31}"
EndProject
Project("{FAE04EC0-301F-11D3-BF4B-00C04F79EFBC}") = "CSharp8", "CSharp8\CSharp8.csproj", "{589FDD85-2DDA-46C4-99FC-FC82A6967620}"
EndProject
Global
	GlobalSection(SolutionConfigurationPlatforms) = preSolution
		Debug|Any CPU = Debug|Any CPU
		Release|Any CPU = Release|Any CPU
	EndGlobalSection
	GlobalSection(ProjectConfigurationPlatforms) = postSolution
		{595D03E9-72E5-421A-953A-A7AA2468DA31}.Debug|Any CPU.ActiveCfg = Debug|Any CPU
		{595D03E9-72E5-421A-953A-A7AA2468DA31}.Debug|Any CPU.Build.0 = Debug|Any CPU
		{595D03E9-72E5-421A-953A-A7AA2468DA31}.Release|Any CPU.ActiveCfg = Release|Any CPU
		{595D03E9-72E5-421A-953A-A7AA2468DA31}.Release|Any CPU.Build.0 = Release|Any CPU
		{589FDD85-2DDA-46C4-99FC-FC82A6967620}.Debug|Any CPU.ActiveCfg = Debug|Any CPU
		{589FDD85-2DDA-46C4-99FC-FC82A6967620}.Debug|Any CPU.Build.0 = Debug|Any CPU
		{589FDD85-2DDA-46C4-99FC-FC82A6967620}.Release|Any CPU.ActiveCfg = Release|Any CPU
		{589FDD85-2DDA-46C4-99FC-FC82A6967620}.Release|Any CPU.Build.0 = Release|Any CPU
	EndGlobalSection
EndGlobal
